
Microsoft Visual Studio Solution File, Format Version 12.00
# Visual Studio Version 16
VisualStudioVersion = 16.0.31624.102
MinimumVisualStudioVersion = 10.0.40219.1
Project("{FAE04EC0-301F-11D3-BF4B-00C04F79EFBC}") = "ConsoleApp1", "ConsoleApp1.csproj", "{02C51890-0691-42D3-9888-C46287EFFB51}"
EndProject
Global
	GlobalSection(SolutionConfigurationPlatforms) = preSolution
		Debug|Any CPU = Debug|Any CPU
		Release|Any CPU = Release|Any CPU
	EndGlobalSection
	GlobalSection(ProjectConfigurationPlatforms) = postSolution
		{02C51890-0691-42D3-9888-C46287EFFB51}.Debug|Any CPU.ActiveCfg = Debug|Any CPU
		{02C51890-0691-42D3-9888-C46287EFFB51}.Debug|Any CPU.Build.0 = Debug|Any CPU
		{02C51890-0691-42D3-9888-C46287EFFB51}.Release|Any CPU.ActiveCfg = Release|Any CPU
		{02C51890-0691-42D3-9888-C46287EFFB51}.Release|Any CPU.Build.0 = Release|Any CPU
	EndGlobalSection
	GlobalSection(SolutionProperties) = preSolution
		HideSolutionNode = FALSE
	EndGlobalSection
	GlobalSection(ExtensibilityGlobals) = postSolution
		SolutionGuid = {8B5C550D-7ACC-4868-A16C-8DE45B894884}
	EndGlobalSection
EndGlobal
